# This file is automatically @generated by Cargo.
# It is not intended for manual editing.
version = 3

[[package]]
name = "block_byte_model_exporter"
version = "0.1.0"
dependencies = [
 "endio",
 "json",
 "uuid",
]

[[package]]
name = "endio"
version = "0.1.0"
source = "registry+https://github.com/rust-lang/crates.io-index"
checksum = "90b1bf74d0f2266e71301801e003d7b0639c91a0630402c1b8fc3a1eef2a6dbd"

[[package]]
name = "json"
version = "0.12.4"
source = "registry+https://github.com/rust-lang/crates.io-index"
checksum = "078e285eafdfb6c4b434e0d31e8cfcb5115b651496faca5749b88fafd4f23bfd"

[[package]]
name = "uuid"
version = "1.4.1"
source = "registry+https://github.com/rust-lang/crates.io-index"
checksum = "79daa5ed5740825c40b389c5e50312b9c86df53fccd33f281df655642b43869d"
